// !$*UTF8*$!
{
	archiveVersion = 1;
	classes = {
	};
	objectVersion = 46;
	objects = {

/* Begin PBXBuildFile section */
		848E2DA11A1478860088BDCE /* AlbertEinsteinStamp.jpg in Resources */ = {isa = PBXBuildFile; fileRef = 848E2DA01A1478860088BDCE /* AlbertEinsteinStamp.jpg */; };
		84CFDE2F1A1319A300742C4E /* AppDelegate.swift in Sources */ = {isa = PBXBuildFile; fileRef = 84CFDE2E1A1319A300742C4E /* AppDelegate.swift */; };
		84CFDE311A1319A300742C4E /* ViewController.swift in Sources */ = {isa = PBXBuildFile; fileRef = 84CFDE301A1319A300742C4E /* ViewController.swift */; };
		84CFDE341A1319A300742C4E /* Main.storyboard in Resources */ = {isa = PBXBuildFile; fileRef = 84CFDE321A1319A300742C4E /* Main.storyboard */; };
		84CFDE361A1319A300742C4E /* Images.xcassets in Resources */ = {isa = PBXBuildFile; fileRef = 84CFDE351A1319A300742C4E /* Images.xcassets */; };
		84CFDE391A1319A300742C4E /* LaunchScreen.xib in Resources */ = {isa = PBXBuildFile; fileRef = 84CFDE371A1319A300742C4E /* LaunchScreen.xib */; };
		84CFDE451A1319A300742C4E /* Postcard2Tests.swift in Sources */ = {isa = PBXBuildFile; fileRef = 84CFDE441A1319A300742C4E /* Postcard2Tests.swift */; };
		84CFDE4F1A13264200742C4E /* SagradaFamilia.jpeg in Resources */ = {isa = PBXBuildFile; fileRef = 84CFDE4E1A13264200742C4E /* SagradaFamilia.jpeg */; };
/* End PBXBuildFile section */

/* Begin PBXContainerItemProxy section */
		84CFDE3F1A1319A300742C4E /* PBXContainerItemProxy */ = {
			isa = PBXContainerItemProxy;
			containerPortal = 84CFDE211A1319A300742C4E /* Project object */;
			proxyType = 1;
			remoteGlobalIDString = 84CFDE281A1319A300742C4E;
			remoteInfo = Postcard2;
		};
/* End PBXContainerItemProxy section */

/* Begin PBXFileReference section */
		848E2DA01A1478860088BDCE /* AlbertEinsteinStamp.jpg */ = {isa = PBXFileReference; lastKnownFileType = image.jpeg; path = AlbertEinsteinStamp.jpg; sourceTree = "<group>"; };
		84CFDE291A1319A300742C4E /* Postcard2.app */ = {isa = PBXFileReference; explicitFileType = wrapper.application; includeInIndex = 0; path = Postcard2.app; sourceTree = BUILT_PRODUCTS_DIR; };
		84CFDE2D1A1319A300742C4E /* Info.plist */ = {isa = PBXFileReference; lastKnownFileType = text.plist.xml; path = Info.plist; sourceTree = "<group>"; };
		84CFDE2E1A1319A300742C4E /* AppDelegate.swift */ = {isa = PBXFileReference; lastKnownFileType = sourcecode.swift; path = AppDelegate.swift; sourceTree = "<group>"; };
		84CFDE301A1319A300742C4E /* ViewController.swift */ = {isa = PBXFileReference; lastKnownFileType = sourcecode.swift; path = ViewController.swift; sourceTree = "<group>"; };
		84CFDE331A1319A300742C4E /* Base */ = {isa = PBXFileReference; lastKnownFileType = file.storyboard; name = Base; path = Base.lproj/Main.storyboard; sourceTree = "<group>"; };
		84CFDE351A1319A300742C4E /* Images.xcassets */ = {isa = PBXFileReference; lastKnownFileType = folder.assetcatalog; path = Images.xcassets; sourceTree = "<group>"; };
		84CFDE381A1319A300742C4E /* Base */ = {isa = PBXFileReference; lastKnownFileType = file.xib; name = Base; path = Base.lproj/LaunchScreen.xib; sourceTree = "<group>"; };
		84CFDE3E1A1319A300742C4E /* Postcard2Tests.xctest */ = {isa = PBXFileReference; explicitFileType = wrapper.cfbundle; includeInIndex = 0; path = Postcard2Tests.xctest; sourceTree = BUILT_PRODUCTS_DIR; };
		84CFDE431A1319A300742C4E /* Info.plist */ = {isa = PBXFileReference; lastKnownFileType = text.plist.xml; path = Info.plist; sourceTree = "<group>"; };
		84CFDE441A1319A300742C4E /* Postcard2Tests.swift */ = {isa = PBXFileReference; lastKnownFileType = sourcecode.swift; path = Postcard2Tests.swift; sourceTree = "<group>"; };
		84CFDE4E1A13264200742C4E /* SagradaFamilia.jpeg */ = {isa = PBXFileReference; lastKnownFileType = image.jpeg; path = SagradaFamilia.jpeg; sourceTree = "<group>"; };
/* End PBXFileReference section */

/* Begin PBXFrameworksBuildPhase section */
		84CFDE261A1319A300742C4E /* Frameworks */ = {
			isa = PBXFrameworksBuildPhase;
			buildActionMask = 2147483647;
			files = (
			);
			runOnlyForDeploymentPostprocessing = 0;
		};
		84CFDE3B1A1319A300742C4E /* Frameworks */ = {
			isa = PBXFrameworksBuildPhase;
			buildActionMask = 2147483647;
			files = (
			);
			runOnlyForDeploymentPostprocessing = 0;
		};
/* End PBXFrameworksBuildPhase section */

/* Begin PBXGroup section */
		84CFDE201A1319A300742C4E = {
			isa = PBXGroup;
			children = (
				84CFDE2B1A1319A300742C4E /* Postcard2 */,
				84CFDE411A1319A300742C4E /* Postcard2Tests */,
				84CFDE2A1A1319A300742C4E /* Products */,
			);
			sourceTree = "<group>";
		};
		84CFDE2A1A1319A300742C4E /* Products */ = {
			isa = PBXGroup;
			children = (
				84CFDE291A1319A300742C4E /* Postcard2.app */,
				84CFDE3E1A1319A300742C4E /* Postcard2Tests.xctest */,
			);
			name = Products;
			sourceTree = "<group>";
		};
		84CFDE2B1A1319A300742C4E /* Postcard2 */ = {
			isa = PBXGroup;
			children = (
				84CFDE2E1A1319A300742C4E /* AppDelegate.swift */,
				84CFDE301A1319A300742C4E /* ViewController.swift */,
				84CFDE321A1319A300742C4E /* Main.storyboard */,
				84CFDE351A1319A300742C4E /* Images.xcassets */,
				84CFDE371A1319A300742C4E /* LaunchScreen.xib */,
				84CFDE2C1A1319A300742C4E /* Supporting Files */,
			);
			path = Postcard2;
			sourceTree = "<group>";
		};
		84CFDE2C1A1319A300742C4E /* Supporting Files */ = {
			isa = PBXGroup;
			children = (
				848E2DA01A1478860088BDCE /* AlbertEinsteinStamp.jpg */,
				84CFDE4E1A13264200742C4E /* SagradaFamilia.jpeg */,
				84CFDE2D1A1319A300742C4E /* Info.plist */,
			);
			name = "Supporting Files";
			sourceTree = "<group>";
		};
		84CFDE411A1319A300742C4E /* Postcard2Tests */ = {
			isa = PBXGroup;
			children = (
				84CFDE441A1319A300742C4E /* Postcard2Tests.swift */,
				84CFDE421A1319A300742C4E /* Supporting Files */,
			);
			path = Postcard2Tests;
			sourceTree = "<group>";
		};
		84CFDE421A1319A300742C4E /* Supporting Files */ = {
			isa = PBXGroup;
			children = (
				84CFDE431A1319A300742C4E /* Info.plist */,
			);
			name = "Supporting Files";
			sourceTree = "<group>";
		};
/* End PBXGroup section */

/* Begin PBXNativeTarget section */
		84CFDE281A1319A300742C4E /* Postcard2 */ = {
			isa = PBXNativeTarget;
			buildConfigurationList = 84CFDE481A1319A300742C4E /* Build configuration list for PBXNativeTarget "Postcard2" */;
			buildPhases = (
				84CFDE251A1319A300742C4E /* Sources */,
				84CFDE261A1319A300742C4E /* Frameworks */,
				84CFDE271A1319A300742C4E /* Resources */,
			);
			buildRules = (
			);
			dependencies = (
			);
			name = Postcard2;
			productName = Postcard2;
			productReference = 84CFDE291A1319A300742C4E /* Postcard2.app */;
			productType = "com.apple.product-type.application";
		};
		84CFDE3D1A1319A300742C4E /* Postcard2Tests */ = {
			isa = PBXNativeTarget;
			buildConfigurationList = 84CFDE4B1A1319A300742C4E /* Build configuration list for PBXNativeTarget "Postcard2Tests" */;
			buildPhases = (
				84CFDE3A1A1319A300742C4E /* Sources */,
				84CFDE3B1A1319A300742C4E /* Frameworks */,
				84CFDE3C1A1319A300742C4E /* Resources */,
			);
			buildRules = (
			);
			dependencies = (
				84CFDE401A1319A300742C4E /* PBXTargetDependency */,
			);
			name = Postcard2Tests;
			productName = Postcard2Tests;
			productReference = 84CFDE3E1A1319A300742C4E /* Postcard2Tests.xctest */;
			productType = "com.apple.product-type.bundle.unit-test";
		};
/* End PBXNativeTarget section */

/* Begin PBXProject section */
		84CFDE211A1319A300742C4E /* Project object */ = {
			isa = PBXProject;
			attributes = {
				LastUpgradeCheck = 0610;
				ORGANIZATIONNAME = Gilmore;
				TargetAttributes = {
					84CFDE281A1319A300742C4E = {
						CreatedOnToolsVersion = 6.1;
					};
					84CFDE3D1A1319A300742C4E = {
						CreatedOnToolsVersion = 6.1;
						TestTargetID = 84CFDE281A1319A300742C4E;
					};
				};
			};
			buildConfigurationList = 84CFDE241A1319A300742C4E /* Build configuration list for PBXProject "Postcard2" */;
			compatibilityVersion = "Xcode 3.2";
			developmentRegion = English;
			hasScannedForEncodings = 0;
			knownRegions = (
				en,
				Base,
			);
			mainGroup = 84CFDE201A1319A300742C4E;
			productRefGroup = 84CFDE2A1A1319A300742C4E /* Products */;
			projectDirPath = "";
			projectRoot = "";
			targets = (
				84CFDE281A1319A300742C4E /* Postcard2 */,
				84CFDE3D1A1319A300742C4E /* Postcard2Tests */,
			);
		};
/* End PBXProject section */

/* Begin PBXResourcesBuildPhase section */
		84CFDE271A1319A300742C4E /* Resources */ = {
			isa = PBXResourcesBuildPhase;
			buildActionMask = 2147483647;
			files = (
				84CFDE341A1319A300742C4E /* Main.storyboard in Resources */,
				84CFDE4F1A13264200742C4E /* SagradaFamilia.jpeg in Resources */,
				848E2DA11A1478860088BDCE /* AlbertEinsteinStamp.jpg in Resources */,
				84CFDE391A1319A300742C4E /* LaunchScreen.xib in Resources */,
				84CFDE361A1319A300742C4E /* Images.xcassets in Resources */,
			);
			runOnlyForDeploymentPostprocessing = 0;
		};
		84CFDE3C1A1319A300742C4E /* Resources */ = {
			isa = PBXResourcesBuildPhase;
			buildActionMask = 2147483647;
			files = (
			);
			runOnlyForDeploymentPostprocessing = 0;
		};
/* End PBXResourcesBuildPhase section */

/* Begin PBXSourcesBuildPhase section */
		84CFDE251A1319A300742C4E /* Sources */ = {
			isa = PBXSourcesBuildPhase;
			buildActionMask = 2147483647;
			files = (
				84CFDE311A1319A300742C4E /* ViewController.swift in Sources */,
				84CFDE2F1A1319A300742C4E /* AppDelegate.swift in Sources */,
			);
			runOnlyForDeploymentPostprocessing = 0;
		};
		84CFDE3A1A1319A300742C4E /* Sources */ = {
			isa = PBXSourcesBuildPhase;
			buildActionMask = 2147483647;
			files = (
				84CFDE451A1319A300742C4E /* Postcard2Tests.swift in Sources */,
			);
			runOnlyForDeploymentPostprocessing = 0;
		};
/* End PBXSourcesBuildPhase section */

/* Begin PBXTargetDependency section */
		84CFDE401A1319A300742C4E /* PBXTargetDependency */ = {
			isa = PBXTargetDependency;
			target = 84CFDE281A1319A300742C4E /* Postcard2 */;
			targetProxy = 84CFDE3F1A1319A300742C4E /* PBXContainerItemProxy */;
		};
/* End PBXTargetDependency section */

/* Begin PBXVariantGroup section */
		84CFDE321A1319A300742C4E /* Main.storyboard */ = {
			isa = PBXVariantGroup;
			children = (
				84CFDE331A1319A300742C4E /* Base */,
			);
			name = Main.storyboard;
			sourceTree = "<group>";
		};
		84CFDE371A1319A300742C4E /* LaunchScreen.xib */ = {
			isa = PBXVariantGroup;
			children = (
				84CFDE381A1319A300742C4E /* Base */,
			);
			name = LaunchScreen.xib;
			sourceTree = "<group>";
		};
/* End PBXVariantGroup section */

/* Begin XCBuildConfiguration section */
		84CFDE461A1319A300742C4E /* Debug */ = {
			isa = XCBuildConfiguration;
			buildSettings = {
				ALWAYS_SEARCH_USER_PATHS = NO;
				CLANG_CXX_LANGUAGE_STANDARD = "gnu++0x";
				CLANG_CXX_LIBRARY = "libc++";
				CLANG_ENABLE_MODULES = YES;
				CLANG_ENABLE_OBJC_ARC = YES;
				CLANG_WARN_BOOL_CONVERSION = YES;
				CLANG_WARN_CONSTANT_CONVERSION = YES;
				CLANG_WARN_DIRECT_OBJC_ISA_USAGE = YES_ERROR;
				CLANG_WARN_EMPTY_BODY = YES;
				CLANG_WARN_ENUM_CONVERSION = YES;
				CLANG_WARN_INT_CONVERSION = YES;
				CLANG_WARN_OBJC_ROOT_CLASS = YES_ERROR;
				CLANG_WARN_UNREACHABLE_CODE = YES;
				CLANG_WARN__DUPLICATE_METHOD_MATCH = YES;
				"CODE_SIGN_IDENTITY[sdk=iphoneos*]" = "iPhone Developer";
				COPY_PHASE_STRIP = NO;
				ENABLE_STRICT_OBJC_MSGSEND = YES;
				GCC_C_LANGUAGE_STANDARD = gnu99;
				GCC_DYNAMIC_NO_PIC = NO;
				GCC_OPTIMIZATION_LEVEL = 0;
				GCC_PREPROCESSOR_DEFINITIONS = (
					"DEBUG=1",
					"$(inherited)",
				);
				GCC_SYMBOLS_PRIVATE_EXTERN = NO;
				GCC_WARN_64_TO_32_BIT_CONVERSION = YES;
				GCC_WARN_ABOUT_RETURN_TYPE = YES_ERROR;
				GCC_WARN_UNDECLARED_SELECTOR = YES;
				GCC_WARN_UNINITIALIZED_AUTOS = YES_AGGRESSIVE;
				GCC_WARN_UNUSED_FUNCTION = YES;
				GCC_WARN_UNUSED_VARIABLE = YES;
				IPHONEOS_DEPLOYMENT_TARGET = 8.1;
				MTL_ENABLE_DEBUG_INFO = YES;
				ONLY_ACTIVE_ARCH = YES;
				SDKROOT = iphoneos;
				SWIFT_OPTIMIZATION_LEVEL = "-Onone";
				TARGETED_DEVICE_FAMILY = "1,2";
			};
			name = Debug;
		};
		84CFDE471A1319A300742C4E /* Release */ = {
			isa = XCBuildConfiguration;
			buildSettings = {
				ALWAYS_SEARCH_USER_PATHS = NO;
				CLANG_CXX_LANGUAGE_STANDARD = "gnu++0x";
				CLANG_CXX_LIBRARY = "libc++";
				CLANG_ENABLE_MODULES = YES;
				CLANG_ENABLE_OBJC_ARC = YES;
				CLANG_WARN_BOOL_CONVERSION = YES;
				CLANG_WARN_CONSTANT_CONVERSION = YES;
				CLANG_WARN_DIRECT_OBJC_ISA_USAGE = YES_ERROR;
				CLANG_WARN_EMPTY_BODY = YES;
				CLANG_WARN_ENUM_CONVERSION = YES;
				CLANG_WARN_INT_CONVERSION = YES;
				CLANG_WARN_OBJC_ROOT_CLASS = YES_ERROR;
				CLANG_WARN_UNREACHABLE_CODE = YES;
				CLANG_WARN__DUPLICATE_METHOD_MATCH = YES;
				"CODE_SIGN_IDENTITY[sdk=iphoneos*]" = "iPhone Developer";
				COPY_PHASE_STRIP = YES;
				ENABLE_NS_ASSERTIONS = NO;
				ENABLE_STRICT_OBJC_MSGSEND = YES;
				GCC_C_LANGUAGE_STANDARD = gnu99;
				GCC_WARN_64_TO_32_BIT_CONVERSION = YES;
				GCC_WARN_ABOUT_RETURN_TYPE = YES_ERROR;
				GCC_WARN_UNDECLARED_SELECTOR = YES;
				GCC_WARN_UNINITIALIZED_AUTOS = YES_AGGRESSIVE;
				GCC_WARN_UNUSED_FUNCTION = YES;
				GCC_WARN_UNUSED_VARIABLE = YES;
				IPHONEOS_DEPLOYMENT_TARGET = 8.1;
				MTL_ENABLE_DEBUG_INFO = NO;
				SDKROOT = iphoneos;
				TARGETED_DEVICE_FAMILY = "1,2";
				VALIDATE_PRODUCT = YES;
			};
			name = Release;
		};
		84CFDE491A1319A300742C4E /* Debug */ = {
			isa = XCBuildConfiguration;
			buildSettings = {
				ASSETCATALOG_COMPILER_APPICON_NAME = AppIcon;
				INFOPLIST_FILE = Postcard2/Info.plist;
				LD_RUNPATH_SEARCH_PATHS = "$(inherited) @executable_path/Frameworks";
				PRODUCT_NAME = "$(TARGET_NAME)";
			};
			name = Debug;
		};
		84CFDE4A1A1319A300742C4E /* Release */ = {
			isa = XCBuildConfiguration;
			buildSettings = {
				ASSETCATALOG_COMPILER_APPICON_NAME = AppIcon;
				INFOPLIST_FILE = Postcard2/Info.plist;
				LD_RUNPATH_SEARCH_PATHS = "$(inherited) @executable_path/Frameworks";
				PRODUCT_NAME = "$(TARGET_NAME)";
			};
			name = Release;
		};
		84CFDE4C1A1319A300742C4E /* Debug */ = {
			isa = XCBuildConfiguration;
			buildSettings = {
				BUNDLE_LOADER = "$(TEST_HOST)";
				FRAMEWORK_SEARCH_PATHS = (
					"$(SDKROOT)/Developer/Library/Frameworks",
					"$(inherited)",
				);
				GCC_PREPROCESSOR_DEFINITIONS = (
					"DEBUG=1",
					"$(inherited)",
				);
				INFOPLIST_FILE = Postcard2Tests/Info.plist;
				LD_RUNPATH_SEARCH_PATHS = "$(inherited) @executable_path/Frameworks @loader_path/Frameworks";
				PRODUCT_NAME = "$(TARGET_NAME)";
				TEST_HOST = "$(BUILT_PRODUCTS_DIR)/Postcard2.app/Postcard2";
			};
			name = Debug;
		};
		84CFDE4D1A1319A300742C4E /* Release */ = {
			isa = XCBuildConfiguration;
			buildSettings = {
				BUNDLE_LOADER = "$(TEST_HOST)";
				FRAMEWORK_SEARCH_PATHS = (
					"$(SDKROOT)/Developer/Library/Frameworks",
					"$(inherited)",
				);
				INFOPLIST_FILE = Postcard2Tests/Info.plist;
				LD_RUNPATH_SEARCH_PATHS = "$(inherited) @executable_path/Frameworks @loader_path/Frameworks";
				PRODUCT_NAME = "$(TARGET_NAME)";
				TEST_HOST = "$(BUILT_PRODUCTS_DIR)/Postcard2.app/Postcard2";
			};
			name = Release;
		};
/* End XCBuildConfiguration section */

/* Begin XCConfigurationList section */
		84CFDE241A1319A300742C4E /* Build configuration list for PBXProject "Postcard2" */ = {
			isa = XCConfigurationList;
			buildConfigurations = (
				84CFDE461A1319A300742C4E /* Debug */,
				84CFDE471A1319A300742C4E /* Release */,
			);
			defaultConfigurationIsVisible = 0;
			defaultConfigurationName = Release;
		};
		84CFDE481A1319A300742C4E /* Build configuration list for PBXNativeTarget "Postcard2" */ = {
			isa = XCConfigurationList;
			buildConfigurations = (
				84CFDE491A1319A300742C4E /* Debug */,
				84CFDE4A1A1319A300742C4E /* Release */,
			);
			defaultConfigurationIsVisible = 0;
			defaultConfigurationName = Release;
		};
		84CFDE4B1A1319A300742C4E /* Build configuration list for PBXNativeTarget "Postcard2Tests" */ = {
			isa = XCConfigurationList;
			buildConfigurations = (
				84CFDE4C1A1319A300742C4E /* Debug */,
				84CFDE4D1A1319A300742C4E /* Release */,
			);
			defaultConfigurationIsVisible = 0;
			defaultConfigurationName = Release;
		};
/* End XCConfigurationList section */
	};
	rootObject = 84CFDE211A1319A300742C4E /* Project object */;
}
